// !$*UTF8*$!
{
	archiveVersion = 1;
	classes = {
	};
	objectVersion = 46;
	objects = {

/* Begin PBXBuildFile section */
		DD1E4CEA1CCAC72100C25671 /* AppDelegate.swift in Sources */ = {isa = PBXBuildFile; fileRef = DD1E4CE91CCAC72100C25671 /* AppDelegate.swift */; };
		DD1E4CEC1CCAC72100C25671 /* ViewController.swift in Sources */ = {isa = PBXBuildFile; fileRef = DD1E4CEB1CCAC72100C25671 /* ViewController.swift */; };
		DD1E4CEF1CCAC72100C25671 /* Main.storyboard in Resources */ = {isa = PBXBuildFile; fileRef = DD1E4CED1CCAC72100C25671 /* Main.storyboard */; };
		DD1E4CF21CCAC72100C25671 /* ViewControllerIIWeek3SC.xcdatamodeld in Sources */ = {isa = PBXBuildFile; fileRef = DD1E4CF01CCAC72100C25671 /* ViewControllerIIWeek3SC.xcdatamodeld */; };
		DD1E4CF41CCAC72100C25671 /* Assets.xcassets in Resources */ = {isa = PBXBuildFile; fileRef = DD1E4CF31CCAC72100C25671 /* Assets.xcassets */; };
		DD1E4CF71CCAC72100C25671 /* LaunchScreen.storyboard in Resources */ = {isa = PBXBuildFile; fileRef = DD1E4CF51CCAC72100C25671 /* LaunchScreen.storyboard */; };
		DD1E4D021CCAC72100C25671 /* ViewControllerIIWeek3SCTests.swift in Sources */ = {isa = PBXBuildFile; fileRef = DD1E4D011CCAC72100C25671 /* ViewControllerIIWeek3SCTests.swift */; };
		DD1E4D0D1CCAC72200C25671 /* ViewControllerIIWeek3SCUITests.swift in Sources */ = {isa = PBXBuildFile; fileRef = DD1E4D0C1CCAC72200C25671 /* ViewControllerIIWeek3SCUITests.swift */; };
		DD1E4D1B1CCAD2B300C25671 /* Scene2.swift in Sources */ = {isa = PBXBuildFile; fileRef = DD1E4D1A1CCAD2B300C25671 /* Scene2.swift */; };
/* End PBXBuildFile section */

/* Begin PBXContainerItemProxy section */
		DD1E4CFE1CCAC72100C25671 /* PBXContainerItemProxy */ = {
			isa = PBXContainerItemProxy;
			containerPortal = DD1E4CDE1CCAC72000C25671 /* Project object */;
			proxyType = 1;
			remoteGlobalIDString = DD1E4CE51CCAC72000C25671;
			remoteInfo = ViewControllerIIWeek3SC;
		};
		DD1E4D091CCAC72200C25671 /* PBXContainerItemProxy */ = {
			isa = PBXContainerItemProxy;
			containerPortal = DD1E4CDE1CCAC72000C25671 /* Project object */;
			proxyType = 1;
			remoteGlobalIDString = DD1E4CE51CCAC72000C25671;
			remoteInfo = ViewControllerIIWeek3SC;
		};
/* End PBXContainerItemProxy section */

/* Begin PBXFileReference section */
		DD1E4CE61CCAC72000C25671 /* ViewControllerIIWeek3SC.app */ = {isa = PBXFileReference; explicitFileType = wrapper.application; includeInIndex = 0; path = ViewControllerIIWeek3SC.app; sourceTree = BUILT_PRODUCTS_DIR; };
		DD1E4CE91CCAC72100C25671 /* AppDelegate.swift */ = {isa = PBXFileReference; lastKnownFileType = sourcecode.swift; path = AppDelegate.swift; sourceTree = "<group>"; };
		DD1E4CEB1CCAC72100C25671 /* ViewController.swift */ = {isa = PBXFileReference; lastKnownFileType = sourcecode.swift; path = ViewController.swift; sourceTree = "<group>"; };
		DD1E4CEE1CCAC72100C25671 /* Base */ = {isa = PBXFileReference; lastKnownFileType = file.storyboard; name = Base; path = Base.lproj/Main.storyboard; sourceTree = "<group>"; };
		DD1E4CF11CCAC72100C25671 /* ViewControllerIIWeek3SC.xcdatamodel */ = {isa = PBXFileReference; lastKnownFileType = wrapper.xcdatamodel; path = ViewControllerIIWeek3SC.xcdatamodel; sourceTree = "<group>"; };
		DD1E4CF31CCAC72100C25671 /* Assets.xcassets */ = {isa = PBXFileReference; lastKnownFileType = folder.assetcatalog; path = Assets.xcassets; sourceTree = "<group>"; };
		DD1E4CF61CCAC72100C25671 /* Base */ = {isa = PBXFileReference; lastKnownFileType = file.storyboard; name = Base; path = Base.lproj/LaunchScreen.storyboard; sourceTree = "<group>"; };
		DD1E4CF81CCAC72100C25671 /* Info.plist */ = {isa = PBXFileReference; lastKnownFileType = text.plist.xml; path = Info.plist; sourceTree = "<group>"; };
		DD1E4CFD1CCAC72100C25671 /* ViewControllerIIWeek3SCTests.xctest */ = {isa = PBXFileReference; explicitFileType = wrapper.cfbundle; includeInIndex = 0; path = ViewControllerIIWeek3SCTests.xctest; sourceTree = BUILT_PRODUCTS_DIR; };
		DD1E4D011CCAC72100C25671 /* ViewControllerIIWeek3SCTests.swift */ = {isa = PBXFileReference; lastKnownFileType = sourcecode.swift; path = ViewControllerIIWeek3SCTests.swift; sourceTree = "<group>"; };
		DD1E4D031CCAC72100C25671 /* Info.plist */ = {isa = PBXFileReference; lastKnownFileType = text.plist.xml; path = Info.plist; sourceTree = "<group>"; };
		DD1E4D081CCAC72200C25671 /* ViewControllerIIWeek3SCUITests.xctest */ = {isa = PBXFileReference; explicitFileType = wrapper.cfbundle; includeInIndex = 0; path = ViewControllerIIWeek3SCUITests.xctest; sourceTree = BUILT_PRODUCTS_DIR; };
		DD1E4D0C1CCAC72200C25671 /* ViewControllerIIWeek3SCUITests.swift */ = {isa = PBXFileReference; lastKnownFileType = sourcecode.swift; path = ViewControllerIIWeek3SCUITests.swift; sourceTree = "<group>"; };
		DD1E4D0E1CCAC72200C25671 /* Info.plist */ = {isa = PBXFileReference; lastKnownFileType = text.plist.xml; path = Info.plist; sourceTree = "<group>"; };
		DD1E4D1A1CCAD2B300C25671 /* Scene2.swift */ = {isa = PBXFileReference; fileEncoding = 4; lastKnownFileType = sourcecode.swift; path = Scene2.swift; sourceTree = "<group>"; };
/* End PBXFileReference section */

/* Begin PBXFrameworksBuildPhase section */
		DD1E4CE31CCAC72000C25671 /* Frameworks */ = {
			isa = PBXFrameworksBuildPhase;
			buildActionMask = 2147483647;
			files = (
			);
			runOnlyForDeploymentPostprocessing = 0;
		};
		DD1E4CFA1CCAC72100C25671 /* Frameworks */ = {
			isa = PBXFrameworksBuildPhase;
			buildActionMask = 2147483647;
			files = (
			);
			runOnlyForDeploymentPostprocessing = 0;
		};
		DD1E4D051CCAC72100C25671 /* Frameworks */ = {
			isa = PBXFrameworksBuildPhase;
			buildActionMask = 2147483647;
			files = (
			);
			runOnlyForDeploymentPostprocessing = 0;
		};
/* End PBXFrameworksBuildPhase section */

/* Begin PBXGroup section */
		DD1E4CDD1CCAC72000C25671 = {
			isa = PBXGroup;
			children = (
				DD1E4CE81CCAC72100C25671 /* ViewControllerIIWeek3SC */,
				DD1E4D001CCAC72100C25671 /* ViewControllerIIWeek3SCTests */,
				DD1E4D0B1CCAC72200C25671 /* ViewControllerIIWeek3SCUITests */,
				DD1E4CE71CCAC72000C25671 /* Products */,
			);
			sourceTree = "<group>";
		};
		DD1E4CE71CCAC72000C25671 /* Products */ = {
			isa = PBXGroup;
			children = (
				DD1E4CE61CCAC72000C25671 /* ViewControllerIIWeek3SC.app */,
				DD1E4CFD1CCAC72100C25671 /* ViewControllerIIWeek3SCTests.xctest */,
				DD1E4D081CCAC72200C25671 /* ViewControllerIIWeek3SCUITests.xctest */,
			);
			name = Products;
			sourceTree = "<group>";
		};
		DD1E4CE81CCAC72100C25671 /* ViewControllerIIWeek3SC */ = {
			isa = PBXGroup;
			children = (
				DD1E4CE91CCAC72100C25671 /* AppDelegate.swift */,
				DD1E4CEB1CCAC72100C25671 /* ViewController.swift */,
				DD1E4CED1CCAC72100C25671 /* Main.storyboard */,
				DD1E4CF31CCAC72100C25671 /* Assets.xcassets */,
				DD1E4CF51CCAC72100C25671 /* LaunchScreen.storyboard */,
				DD1E4CF81CCAC72100C25671 /* Info.plist */,
				DD1E4CF01CCAC72100C25671 /* ViewControllerIIWeek3SC.xcdatamodeld */,
				DD1E4D1A1CCAD2B300C25671 /* Scene2.swift */,
			);
			path = ViewControllerIIWeek3SC;
			sourceTree = "<group>";
		};
		DD1E4D001CCAC72100C25671 /* ViewControllerIIWeek3SCTests */ = {
			isa = PBXGroup;
			children = (
				DD1E4D011CCAC72100C25671 /* ViewControllerIIWeek3SCTests.swift */,
				DD1E4D031CCAC72100C25671 /* Info.plist */,
			);
			path = ViewControllerIIWeek3SCTests;
			sourceTree = "<group>";
		};
		DD1E4D0B1CCAC72200C25671 /* ViewControllerIIWeek3SCUITests */ = {
			isa = PBXGroup;
			children = (
				DD1E4D0C1CCAC72200C25671 /* ViewControllerIIWeek3SCUITests.swift */,
				DD1E4D0E1CCAC72200C25671 /* Info.plist */,
			);
			path = ViewControllerIIWeek3SCUITests;
			sourceTree = "<group>";
		};
/* End PBXGroup section */

/* Begin PBXNativeTarget section */
		DD1E4CE51CCAC72000C25671 /* ViewControllerIIWeek3SC */ = {
			isa = PBXNativeTarget;
			buildConfigurationList = DD1E4D111CCAC72200C25671 /* Build configuration list for PBXNativeTarget "ViewControllerIIWeek3SC" */;
			buildPhases = (
				DD1E4CE21CCAC72000C25671 /* Sources */,
				DD1E4CE31CCAC72000C25671 /* Frameworks */,
				DD1E4CE41CCAC72000C25671 /* Resources */,
			);
			buildRules = (
			);
			dependencies = (
			);
			name = ViewControllerIIWeek3SC;
			productName = ViewControllerIIWeek3SC;
			productReference = DD1E4CE61CCAC72000C25671 /* ViewControllerIIWeek3SC.app */;
			productType = "com.apple.product-type.application";
		};
		DD1E4CFC1CCAC72100C25671 /* ViewControllerIIWeek3SCTests */ = {
			isa = PBXNativeTarget;
			buildConfigurationList = DD1E4D141CCAC72200C25671 /* Build configuration list for PBXNativeTarget "ViewControllerIIWeek3SCTests" */;
			buildPhases = (
				DD1E4CF91CCAC72100C25671 /* Sources */,
				DD1E4CFA1CCAC72100C25671 /* Frameworks */,
				DD1E4CFB1CCAC72100C25671 /* Resources */,
			);
			buildRules = (
			);
			dependencies = (
				DD1E4CFF1CCAC72100C25671 /* PBXTargetDependency */,
			);
			name = ViewControllerIIWeek3SCTests;
			productName = ViewControllerIIWeek3SCTests;
			productReference = DD1E4CFD1CCAC72100C25671 /* ViewControllerIIWeek3SCTests.xctest */;
			productType = "com.apple.product-type.bundle.unit-test";
		};
		DD1E4D071CCAC72100C25671 /* ViewControllerIIWeek3SCUITests */ = {
			isa = PBXNativeTarget;
			buildConfigurationList = DD1E4D171CCAC72200C25671 /* Build configuration list for PBXNativeTarget "ViewControllerIIWeek3SCUITests" */;
			buildPhases = (
				DD1E4D041CCAC72100C25671 /* Sources */,
				DD1E4D051CCAC72100C25671 /* Frameworks */,
				DD1E4D061CCAC72100C25671 /* Resources */,
			);
			buildRules = (
			);
			dependencies = (
				DD1E4D0A1CCAC72200C25671 /* PBXTargetDependency */,
			);
			name = ViewControllerIIWeek3SCUITests;
			productName = ViewControllerIIWeek3SCUITests;
			productReference = DD1E4D081CCAC72200C25671 /* ViewControllerIIWeek3SCUITests.xctest */;
			productType = "com.apple.product-type.bundle.ui-testing";
		};
/* End PBXNativeTarget section */

/* Begin PBXProject section */
		DD1E4CDE1CCAC72000C25671 /* Project object */ = {
			isa = PBXProject;
			attributes = {
				LastSwiftUpdateCheck = 0730;
				LastUpgradeCheck = 0730;
				ORGANIZATIONNAME = "Shweta Chug";
				TargetAttributes = {
					DD1E4CE51CCAC72000C25671 = {
						CreatedOnToolsVersion = 7.3;
						DevelopmentTeam = 4SKM94H7TK;
					};
					DD1E4CFC1CCAC72100C25671 = {
						CreatedOnToolsVersion = 7.3;
						DevelopmentTeam = 4SKM94H7TK;
						TestTargetID = DD1E4CE51CCAC72000C25671;
					};
					DD1E4D071CCAC72100C25671 = {
						CreatedOnToolsVersion = 7.3;
						DevelopmentTeam = 4SKM94H7TK;
						TestTargetID = DD1E4CE51CCAC72000C25671;
					};
				};
			};
			buildConfigurationList = DD1E4CE11CCAC72000C25671 /* Build configuration list for PBXProject "ViewControllerIIWeek3SC" */;
			compatibilityVersion = "Xcode 3.2";
			developmentRegion = English;
			hasScannedForEncodings = 0;
			knownRegions = (
				en,
				Base,
			);
			mainGroup = DD1E4CDD1CCAC72000C25671;
			productRefGroup = DD1E4CE71CCAC72000C25671 /* Products */;
			projectDirPath = "";
			projectRoot = "";
			targets = (
				DD1E4CE51CCAC72000C25671 /* ViewControllerIIWeek3SC */,
				DD1E4CFC1CCAC72100C25671 /* ViewControllerIIWeek3SCTests */,
				DD1E4D071CCAC72100C25671 /* ViewControllerIIWeek3SCUITests */,
			);
		};
/* End PBXProject section */

/* Begin PBXResourcesBuildPhase section */
		DD1E4CE41CCAC72000C25671 /* Resources */ = {
			isa = PBXResourcesBuildPhase;
			buildActionMask = 2147483647;
			files = (
				DD1E4CF71CCAC72100C25671 /* LaunchScreen.storyboard in Resources */,
				DD1E4CF41CCAC72100C25671 /* Assets.xcassets in Resources */,
				DD1E4CEF1CCAC72100C25671 /* Main.storyboard in Resources */,
			);
			runOnlyForDeploymentPostprocessing = 0;
		};
		DD1E4CFB1CCAC72100C25671 /* Resources */ = {
			isa = PBXResourcesBuildPhase;
			buildActionMask = 2147483647;
			files = (
			);
			runOnlyForDeploymentPostprocessing = 0;
		};
		DD1E4D061CCAC72100C25671 /* Resources */ = {
			isa = PBXResourcesBuildPhase;
			buildActionMask = 2147483647;
			files = (
			);
			runOnlyForDeploymentPostprocessing = 0;
		};
/* End PBXResourcesBuildPhase section */

/* Begin PBXSourcesBuildPhase section */
		DD1E4CE21CCAC72000C25671 /* Sources */ = {
			isa = PBXSourcesBuildPhase;
			buildActionMask = 2147483647;
			files = (
				DD1E4CEC1CCAC72100C25671 /* ViewController.swift in Sources */,
				DD1E4CF21CCAC72100C25671 /* ViewControllerIIWeek3SC.xcdatamodeld in Sources */,
				DD1E4CEA1CCAC72100C25671 /* AppDelegate.swift in Sources */,
				DD1E4D1B1CCAD2B300C25671 /* Scene2.swift in Sources */,
			);
			runOnlyForDeploymentPostprocessing = 0;
		};
		DD1E4CF91CCAC72100C25671 /* Sources */ = {
			isa = PBXSourcesBuildPhase;
			buildActionMask = 2147483647;
			files = (
				DD1E4D021CCAC72100C25671 /* ViewControllerIIWeek3SCTests.swift in Sources */,
			);
			runOnlyForDeploymentPostprocessing = 0;
		};
		DD1E4D041CCAC72100C25671 /* Sources */ = {
			isa = PBXSourcesBuildPhase;
			buildActionMask = 2147483647;
			files = (
				DD1E4D0D1CCAC72200C25671 /* ViewControllerIIWeek3SCUITests.swift in Sources */,
			);
			runOnlyForDeploymentPostprocessing = 0;
		};
/* End PBXSourcesBuildPhase section */

/* Begin PBXTargetDependency section */
		DD1E4CFF1CCAC72100C25671 /* PBXTargetDependency */ = {
			isa = PBXTargetDependency;
			target = DD1E4CE51CCAC72000C25671 /* ViewControllerIIWeek3SC */;
			targetProxy = DD1E4CFE1CCAC72100C25671 /* PBXContainerItemProxy */;
		};
		DD1E4D0A1CCAC72200C25671 /* PBXTargetDependency */ = {
			isa = PBXTargetDependency;
			target = DD1E4CE51CCAC72000C25671 /* ViewControllerIIWeek3SC */;
			targetProxy = DD1E4D091CCAC72200C25671 /* PBXContainerItemProxy */;
		};
/* End PBXTargetDependency section */

/* Begin PBXVariantGroup section */
		DD1E4CED1CCAC72100C25671 /* Main.storyboard */ = {
			isa = PBXVariantGroup;
			children = (
				DD1E4CEE1CCAC72100C25671 /* Base */,
			);
			name = Main.storyboard;
			sourceTree = "<group>";
		};
		DD1E4CF51CCAC72100C25671 /* LaunchScreen.storyboard */ = {
			isa = PBXVariantGroup;
			children = (
				DD1E4CF61CCAC72100C25671 /* Base */,
			);
			name = LaunchScreen.storyboard;
			sourceTree = "<group>";
		};
/* End PBXVariantGroup section */

/* Begin XCBuildConfiguration section */
		DD1E4D0F1CCAC72200C25671 /* Debug */ = {
			isa = XCBuildConfiguration;
			buildSettings = {
				ALWAYS_SEARCH_USER_PATHS = NO;
				CLANG_ANALYZER_NONNULL = YES;
				CLANG_CXX_LANGUAGE_STANDARD = "gnu++0x";
				CLANG_CXX_LIBRARY = "libc++";
				CLANG_ENABLE_MODULES = YES;
				CLANG_ENABLE_OBJC_ARC = YES;
				CLANG_WARN_BOOL_CONVERSION = YES;
				CLANG_WARN_CONSTANT_CONVERSION = YES;
				CLANG_WARN_DIRECT_OBJC_ISA_USAGE = YES_ERROR;
				CLANG_WARN_EMPTY_BODY = YES;
				CLANG_WARN_ENUM_CONVERSION = YES;
				CLANG_WARN_INT_CONVERSION = YES;
				CLANG_WARN_OBJC_ROOT_CLASS = YES_ERROR;
				CLANG_WARN_UNREACHABLE_CODE = YES;
				CLANG_WARN__DUPLICATE_METHOD_MATCH = YES;
				"CODE_SIGN_IDENTITY[sdk=iphoneos*]" = "iPhone Developer";
				COPY_PHASE_STRIP = NO;
				DEBUG_INFORMATION_FORMAT = dwarf;
				ENABLE_STRICT_OBJC_MSGSEND = YES;
				ENABLE_TESTABILITY = YES;
				GCC_C_LANGUAGE_STANDARD = gnu99;
				GCC_DYNAMIC_NO_PIC = NO;
				GCC_NO_COMMON_BLOCKS = YES;
				GCC_OPTIMIZATION_LEVEL = 0;
				GCC_PREPROCESSOR_DEFINITIONS = (
					"DEBUG=1",
					"$(inherited)",
				);
				GCC_WARN_64_TO_32_BIT_CONVERSION = YES;
				GCC_WARN_ABOUT_RETURN_TYPE = YES_ERROR;
				GCC_WARN_UNDECLARED_SELECTOR = YES;
				GCC_WARN_UNINITIALIZED_AUTOS = YES_AGGRESSIVE;
				GCC_WARN_UNUSED_FUNCTION = YES;
				GCC_WARN_UNUSED_VARIABLE = YES;
				IPHONEOS_DEPLOYMENT_TARGET = 9.3;
				MTL_ENABLE_DEBUG_INFO = YES;
				ONLY_ACTIVE_ARCH = YES;
				SDKROOT = iphoneos;
				SWIFT_OPTIMIZATION_LEVEL = "-Onone";
				TARGETED_DEVICE_FAMILY = "1,2";
			};
			name = Debug;
		};
		DD1E4D101CCAC72200C25671 /* Release */ = {
			isa = XCBuildConfiguration;
			buildSettings = {
				ALWAYS_SEARCH_USER_PATHS = NO;
				CLANG_ANALYZER_NONNULL = YES;
				CLANG_CXX_LANGUAGE_STANDARD = "gnu++0x";
				CLANG_CXX_LIBRARY = "libc++";
				CLANG_ENABLE_MODULES = YES;
				CLANG_ENABLE_OBJC_ARC = YES;
				CLANG_WARN_BOOL_CONVERSION = YES;
				CLANG_WARN_CONSTANT_CONVERSION = YES;
				CLANG_WARN_DIRECT_OBJC_ISA_USAGE = YES_ERROR;
				CLANG_WARN_EMPTY_BODY = YES;
				CLANG_WARN_ENUM_CONVERSION = YES;
				CLANG_WARN_INT_CONVERSION = YES;
				CLANG_WARN_OBJC_ROOT_CLASS = YES_ERROR;
				CLANG_WARN_UNREACHABLE_CODE = YES;
				CLANG_WARN__DUPLICATE_METHOD_MATCH = YES;
				"CODE_SIGN_IDENTITY[sdk=iphoneos*]" = "iPhone Developer";
				COPY_PHASE_STRIP = NO;
				DEBUG_INFORMATION_FORMAT = "dwarf-with-dsym";
				ENABLE_NS_ASSERTIONS = NO;
				ENABLE_STRICT_OBJC_MSGSEND = YES;
				GCC_C_LANGUAGE_STANDARD = gnu99;
				GCC_NO_COMMON_BLOCKS = YES;
				GCC_WARN_64_TO_32_BIT_CONVERSION = YES;
				GCC_WARN_ABOUT_RETURN_TYPE = YES_ERROR;
				GCC_WARN_UNDECLARED_SELECTOR = YES;
				GCC_WARN_UNINITIALIZED_AUTOS = YES_AGGRESSIVE;
				GCC_WARN_UNUSED_FUNCTION = YES;
				GCC_WARN_UNUSED_VARIABLE = YES;
				IPHONEOS_DEPLOYMENT_TARGET = 9.3;
				MTL_ENABLE_DEBUG_INFO = NO;
				SDKROOT = iphoneos;
				TARGETED_DEVICE_FAMILY = "1,2";
				VALIDATE_PRODUCT = YES;
			};
			name = Release;
		};
		DD1E4D121CCAC72200C25671 /* Debug */ = {
			isa = XCBuildConfiguration;
			buildSettings = {
				ASSETCATALOG_COMPILER_APPICON_NAME = AppIcon;
				INFOPLIST_FILE = ViewControllerIIWeek3SC/Info.plist;
				LD_RUNPATH_SEARCH_PATHS = "$(inherited) @executable_path/Frameworks";
				PRODUCT_BUNDLE_IDENTIFIER = au.com.shweta.ViewControllerIIWeek3SC;
				PRODUCT_NAME = "$(TARGET_NAME)";
			};
			name = Debug;
		};
		DD1E4D131CCAC72200C25671 /* Release */ = {
			isa = XCBuildConfiguration;
			buildSettings = {
				ASSETCATALOG_COMPILER_APPICON_NAME = AppIcon;
				INFOPLIST_FILE = ViewControllerIIWeek3SC/Info.plist;
				LD_RUNPATH_SEARCH_PATHS = "$(inherited) @executable_path/Frameworks";
				PRODUCT_BUNDLE_IDENTIFIER = au.com.shweta.ViewControllerIIWeek3SC;
				PRODUCT_NAME = "$(TARGET_NAME)";
			};
			name = Release;
		};
		DD1E4D151CCAC72200C25671 /* Debug */ = {
			isa = XCBuildConfiguration;
			buildSettings = {
				BUNDLE_LOADER = "$(TEST_HOST)";
				INFOPLIST_FILE = ViewControllerIIWeek3SCTests/Info.plist;
				LD_RUNPATH_SEARCH_PATHS = "$(inherited) @executable_path/Frameworks @loader_path/Frameworks";
				PRODUCT_BUNDLE_IDENTIFIER = au.com.shweta.ViewControllerIIWeek3SCTests;
				PRODUCT_NAME = "$(TARGET_NAME)";
				TEST_HOST = "$(BUILT_PRODUCTS_DIR)/ViewControllerIIWeek3SC.app/ViewControllerIIWeek3SC";
			};
			name = Debug;
		};
		DD1E4D161CCAC72200C25671 /* Release */ = {
			isa = XCBuildConfiguration;
			buildSettings = {
				BUNDLE_LOADER = "$(TEST_HOST)";
				INFOPLIST_FILE = ViewControllerIIWeek3SCTests/Info.plist;
				LD_RUNPATH_SEARCH_PATHS = "$(inherited) @executable_path/Frameworks @loader_path/Frameworks";
				PRODUCT_BUNDLE_IDENTIFIER = au.com.shweta.ViewControllerIIWeek3SCTests;
				PRODUCT_NAME = "$(TARGET_NAME)";
				TEST_HOST = "$(BUILT_PRODUCTS_DIR)/ViewControllerIIWeek3SC.app/ViewControllerIIWeek3SC";
			};
			name = Release;
		};
		DD1E4D181CCAC72200C25671 /* Debug */ = {
			isa = XCBuildConfiguration;
			buildSettings = {
				INFOPLIST_FILE = ViewControllerIIWeek3SCUITests/Info.plist;
				LD_RUNPATH_SEARCH_PATHS = "$(inherited) @executable_path/Frameworks @loader_path/Frameworks";
				PRODUCT_BUNDLE_IDENTIFIER = au.com.shweta.ViewControllerIIWeek3SCUITests;
				PRODUCT_NAME = "$(TARGET_NAME)";
				TEST_TARGET_NAME = ViewControllerIIWeek3SC;
			};
			name = Debug;
		};
		DD1E4D191CCAC72200C25671 /* Release */ = {
			isa = XCBuildConfiguration;
			buildSettings = {
				INFOPLIST_FILE = ViewControllerIIWeek3SCUITests/Info.plist;
				LD_RUNPATH_SEARCH_PATHS = "$(inherited) @executable_path/Frameworks @loader_path/Frameworks";
				PRODUCT_BUNDLE_IDENTIFIER = au.com.shweta.ViewControllerIIWeek3SCUITests;
				PRODUCT_NAME = "$(TARGET_NAME)";
				TEST_TARGET_NAME = ViewControllerIIWeek3SC;
			};
			name = Release;
		};
/* End XCBuildConfiguration section */

/* Begin XCConfigurationList section */
		DD1E4CE11CCAC72000C25671 /* Build configuration list for PBXProject "ViewControllerIIWeek3SC" */ = {
			isa = XCConfigurationList;
			buildConfigurations = (
				DD1E4D0F1CCAC72200C25671 /* Debug */,
				DD1E4D101CCAC72200C25671 /* Release */,
			);
			defaultConfigurationIsVisible = 0;
			defaultConfigurationName = Release;
		};
		DD1E4D111CCAC72200C25671 /* Build configuration list for PBXNativeTarget "ViewControllerIIWeek3SC" */ = {
			isa = XCConfigurationList;
			buildConfigurations = (
				DD1E4D121CCAC72200C25671 /* Debug */,
				DD1E4D131CCAC72200C25671 /* Release */,
			);
			defaultConfigurationIsVisible = 0;
		};
		DD1E4D141CCAC72200C25671 /* Build configuration list for PBXNativeTarget "ViewControllerIIWeek3SCTests" */ = {
			isa = XCConfigurationList;
			buildConfigurations = (
				DD1E4D151CCAC72200C25671 /* Debug */,
				DD1E4D161CCAC72200C25671 /* Release */,
			);
			defaultConfigurationIsVisible = 0;
		};
		DD1E4D171CCAC72200C25671 /* Build configuration list for PBXNativeTarget "ViewControllerIIWeek3SCUITests" */ = {
			isa = XCConfigurationList;
			buildConfigurations = (
				DD1E4D181CCAC72200C25671 /* Debug */,
				DD1E4D191CCAC72200C25671 /* Release */,
			);
			defaultConfigurationIsVisible = 0;
		};
/* End XCConfigurationList section */

/* Begin XCVersionGroup section */
		DD1E4CF01CCAC72100C25671 /* ViewControllerIIWeek3SC.xcdatamodeld */ = {
			isa = XCVersionGroup;
			children = (
				DD1E4CF11CCAC72100C25671 /* ViewControllerIIWeek3SC.xcdatamodel */,
			);
			currentVersion = DD1E4CF11CCAC72100C25671 /* ViewControllerIIWeek3SC.xcdatamodel */;
			path = ViewControllerIIWeek3SC.xcdatamodeld;
			sourceTree = "<group>";
			versionGroupType = wrapper.xcdatamodel;
		};
/* End XCVersionGroup section */
	};
	rootObject = DD1E4CDE1CCAC72000C25671 /* Project object */;
}
